
Microsoft Visual Studio Solution File, Format Version 12.00
# Visual Studio Version 17
VisualStudioVersion = 17.3.32929.385
MinimumVisualStudioVersion = 10.0.40219.1
Project("{FAE04EC0-301F-11D3-BF4B-00C04F79EFBC}") = "IdentityTodoList", "IdentityTodoList\IdentityTodoList.csproj", "{58366F89-61EC-41DA-AA1E-DDCDE9E4551C}"
EndProject
Global
	GlobalSection(SolutionConfigurationPlatforms) = preSolution
		Debug|Any CPU = Debug|Any CPU
		Release|Any CPU = Release|Any CPU
	EndGlobalSection
	GlobalSection(ProjectConfigurationPlatforms) = postSolution
		{58366F89-61EC-41DA-AA1E-DDCDE9E4551C}.Debug|Any CPU.ActiveCfg = Debug|Any CPU
		{58366F89-61EC-41DA-AA1E-DDCDE9E4551C}.Debug|Any CPU.Build.0 = Debug|Any CPU
		{58366F89-61EC-41DA-AA1E-DDCDE9E4551C}.Release|Any CPU.ActiveCfg = Release|Any CPU
		{58366F89-61EC-41DA-AA1E-DDCDE9E4551C}.Release|Any CPU.Build.0 = Release|Any CPU
	EndGlobalSection
	GlobalSection(SolutionProperties) = preSolution
		HideSolutionNode = FALSE
	EndGlobalSection
	GlobalSection(ExtensibilityGlobals) = postSolution
		SolutionGuid = {CC6BD989-A505-4FCA-BED6-BDCF2693A3A6}
	EndGlobalSection
EndGlobal
